
Microsoft Visual Studio Solution File, Format Version 12.00
# Visual Studio Version 17
VisualStudioVersion = 17.4.33122.133
MinimumVisualStudioVersion = 10.0.40219.1
Project("{FAE04EC0-301F-11D3-BF4B-00C04F79EFBC}") = "RazorPagesMovie", "RazorPagesMovie\RazorPagesMovie.csproj", "{3884A0AD-0EC3-4B6D-BD48-6324A6EFB00D}"
EndProject
Global
	GlobalSection(SolutionConfigurationPlatforms) = preSolution
		Debug|Any CPU = Debug|Any CPU
		Release|Any CPU = Release|Any CPU
	EndGlobalSection
	GlobalSection(ProjectConfigurationPlatforms) = postSolution
		{3884A0AD-0EC3-4B6D-BD48-6324A6EFB00D}.Debug|Any CPU.ActiveCfg = Debug|Any CPU
		{3884A0AD-0EC3-4B6D-BD48-6324A6EFB00D}.Debug|Any CPU.Build.0 = Debug|Any CPU
		{3884A0AD-0EC3-4B6D-BD48-6324A6EFB00D}.Release|Any CPU.ActiveCfg = Release|Any CPU
		{3884A0AD-0EC3-4B6D-BD48-6324A6EFB00D}.Release|Any CPU.Build.0 = Release|Any CPU
	EndGlobalSection
	GlobalSection(SolutionProperties) = preSolution
		HideSolutionNode = FALSE
	EndGlobalSection
	GlobalSection(ExtensibilityGlobals) = postSolution
		SolutionGuid = {F816E1D8-18A1-44F3-B174-D580E3BC48C1}
	EndGlobalSection
EndGlobal
